
Microsoft Visual Studio Solution File, Format Version 12.00
# Visual Studio 15
VisualStudioVersion = 15.0.28307.779
MinimumVisualStudioVersion = 10.0.40219.1
Project("{FAE04EC0-301F-11D3-BF4B-00C04F79EFBC}") = "Market.API", "Market\Market.API.csproj", "{73A5AC51-EDC0-4B59-9A29-79739DDB34C7}"
EndProject
Project("{2150E333-8FDC-42A3-9474-1A3956D46DE8}") = "Src", "Src", "{3E259F94-3797-4534-8C8B-23B046157A57}"
EndProject
Project("{2150E333-8FDC-42A3-9474-1A3956D46DE8}") = "Tests", "Tests", "{90C813B2-F06B-45E7-AA43-C313AD24973C}"
EndProject
Project("{2150E333-8FDC-42A3-9474-1A3956D46DE8}") = "Common", "Common", "{BA13D54B-62BF-43FF-BCBB-38EA9C848C48}"
EndProject
Project("{2150E333-8FDC-42A3-9474-1A3956D46DE8}") = "Core", "Core", "{4B57CF47-8D91-44B6-84F0-5C2769BE5A17}"
EndProject
Project("{2150E333-8FDC-42A3-9474-1A3956D46DE8}") = "Infrastructure", "Infrastructure", "{862D689C-E97E-4DE3-98D0-A892B8011CFF}"
EndProject
Project("{2150E333-8FDC-42A3-9474-1A3956D46DE8}") = "Presentation", "Presentation", "{55FB346E-C5EF-4CEC-9F03-900215724627}"
EndProject
Project("{FAE04EC0-301F-11D3-BF4B-00C04F79EFBC}") = "Market.Infrastructure", "Market.Infrastructure\Market.Infrastructure.csproj", "{4F5869C3-81D1-4C1D-A7CD-E13CFF738F01}"
EndProject
Project("{FAE04EC0-301F-11D3-BF4B-00C04F79EFBC}") = "Market.Persistence", "Market.Persistence\Market.Persistence.csproj", "{32AA1775-FBB7-4B79-8F18-EBB467BBF868}"
EndProject
Project("{FAE04EC0-301F-11D3-BF4B-00C04F79EFBC}") = "Market.Domain", "Market.Domain\Market.Domain.csproj", "{0720558E-F4A1-465B-9667-A0ECC65BD111}"
EndProject
Project("{FAE04EC0-301F-11D3-BF4B-00C04F79EFBC}") = "Market.Application", "Market.Application\Market.Application.csproj", "{D401ECE0-B5D1-4A3D-B137-23FF152E8759}"
EndProject
Project("{FAE04EC0-301F-11D3-BF4B-00C04F79EFBC}") = "Market.Common", "Market.Common\Market.Common.csproj", "{A149751C-7B98-4C22-BE46-CEC385CD264C}"
EndProject
Global
	GlobalSection(SolutionConfigurationPlatforms) = preSolution
		Debug|Any CPU = Debug|Any CPU
		Release|Any CPU = Release|Any CPU
	EndGlobalSection
	GlobalSection(ProjectConfigurationPlatforms) = postSolution
		{73A5AC51-EDC0-4B59-9A29-79739DDB34C7}.Debug|Any CPU.ActiveCfg = Debug|Any CPU
		{73A5AC51-EDC0-4B59-9A29-79739DDB34C7}.Debug|Any CPU.Build.0 = Debug|Any CPU
		{73A5AC51-EDC0-4B59-9A29-79739DDB34C7}.Release|Any CPU.ActiveCfg = Release|Any CPU
		{73A5AC51-EDC0-4B59-9A29-79739DDB34C7}.Release|Any CPU.Build.0 = Release|Any CPU
		{4F5869C3-81D1-4C1D-A7CD-E13CFF738F01}.Debug|Any CPU.ActiveCfg = Debug|Any CPU
		{4F5869C3-81D1-4C1D-A7CD-E13CFF738F01}.Debug|Any CPU.Build.0 = Debug|Any CPU
		{4F5869C3-81D1-4C1D-A7CD-E13CFF738F01}.Release|Any CPU.ActiveCfg = Release|Any CPU
		{4F5869C3-81D1-4C1D-A7CD-E13CFF738F01}.Release|Any CPU.Build.0 = Release|Any CPU
		{32AA1775-FBB7-4B79-8F18-EBB467BBF868}.Debug|Any CPU.ActiveCfg = Debug|Any CPU
		{32AA1775-FBB7-4B79-8F18-EBB467BBF868}.Debug|Any CPU.Build.0 = Debug|Any CPU
		{32AA1775-FBB7-4B79-8F18-EBB467BBF868}.Release|Any CPU.ActiveCfg = Release|Any CPU
		{32AA1775-FBB7-4B79-8F18-EBB467BBF868}.Release|Any CPU.Build.0 = Release|Any CPU
		{0720558E-F4A1-465B-9667-A0ECC65BD111}.Debug|Any CPU.ActiveCfg = Debug|Any CPU
		{0720558E-F4A1-465B-9667-A0ECC65BD111}.Debug|Any CPU.Build.0 = Debug|Any CPU
		{0720558E-F4A1-465B-9667-A0ECC65BD111}.Release|Any CPU.ActiveCfg = Release|Any CPU
		{0720558E-F4A1-465B-9667-A0ECC65BD111}.Release|Any CPU.Build.0 = Release|Any CPU
		{D401ECE0-B5D1-4A3D-B137-23FF152E8759}.Debug|Any CPU.ActiveCfg = Debug|Any CPU
		{D401ECE0-B5D1-4A3D-B137-23FF152E8759}.Debug|Any CPU.Build.0 = Debug|Any CPU
		{D401ECE0-B5D1-4A3D-B137-23FF152E8759}.Release|Any CPU.ActiveCfg = Release|Any CPU
		{D401ECE0-B5D1-4A3D-B137-23FF152E8759}.Release|Any CPU.Build.0 = Release|Any CPU
		{A149751C-7B98-4C22-BE46-CEC385CD264C}.Debug|Any CPU.ActiveCfg = Debug|Any CPU
		{A149751C-7B98-4C22-BE46-CEC385CD264C}.Debug|Any CPU.Build.0 = Debug|Any CPU
		{A149751C-7B98-4C22-BE46-CEC385CD264C}.Release|Any CPU.ActiveCfg = Release|Any CPU
		{A149751C-7B98-4C22-BE46-CEC385CD264C}.Release|Any CPU.Build.0 = Release|Any CPU
	EndGlobalSection
	GlobalSection(SolutionProperties) = preSolution
		HideSolutionNode = FALSE
	EndGlobalSection
	GlobalSection(NestedProjects) = preSolution
		{73A5AC51-EDC0-4B59-9A29-79739DDB34C7} = {55FB346E-C5EF-4CEC-9F03-900215724627}
		{BA13D54B-62BF-43FF-BCBB-38EA9C848C48} = {3E259F94-3797-4534-8C8B-23B046157A57}
		{4B57CF47-8D91-44B6-84F0-5C2769BE5A17} = {3E259F94-3797-4534-8C8B-23B046157A57}
		{862D689C-E97E-4DE3-98D0-A892B8011CFF} = {3E259F94-3797-4534-8C8B-23B046157A57}
		{55FB346E-C5EF-4CEC-9F03-900215724627} = {3E259F94-3797-4534-8C8B-23B046157A57}
		{4F5869C3-81D1-4C1D-A7CD-E13CFF738F01} = {862D689C-E97E-4DE3-98D0-A892B8011CFF}
		{32AA1775-FBB7-4B79-8F18-EBB467BBF868} = {862D689C-E97E-4DE3-98D0-A892B8011CFF}
		{0720558E-F4A1-465B-9667-A0ECC65BD111} = {4B57CF47-8D91-44B6-84F0-5C2769BE5A17}
		{D401ECE0-B5D1-4A3D-B137-23FF152E8759} = {4B57CF47-8D91-44B6-84F0-5C2769BE5A17}
		{A149751C-7B98-4C22-BE46-CEC385CD264C} = {BA13D54B-62BF-43FF-BCBB-38EA9C848C48}
	EndGlobalSection
	GlobalSection(ExtensibilityGlobals) = postSolution
		SolutionGuid = {8BF120B7-9798-48C5-81DD-1C8EC60273B9}
	EndGlobalSection
EndGlobal
